
Microsoft Visual Studio Solution File, Format Version 12.00
# Visual Studio 14
VisualStudioVersion = 14.0.24720.0
MinimumVisualStudioVersion = 10.0.40219.1
Project("{FAE04EC0-301F-11D3-BF4B-00C04F79EFBC}") = "HArj6", "HArj6\HArj6.csproj", "{DC1C8809-9CC5-4D08-B602-5CC870EF086A}"
EndProject
Global
	GlobalSection(SolutionConfigurationPlatforms) = preSolution
		Debug|Any CPU = Debug|Any CPU
		Release|Any CPU = Release|Any CPU
	EndGlobalSection
	GlobalSection(ProjectConfigurationPlatforms) = postSolution
		{DC1C8809-9CC5-4D08-B602-5CC870EF086A}.Debug|Any CPU.ActiveCfg = Debug|Any CPU
		{DC1C8809-9CC5-4D08-B602-5CC870EF086A}.Debug|Any CPU.Build.0 = Debug|Any CPU
		{DC1C8809-9CC5-4D08-B602-5CC870EF086A}.Release|Any CPU.ActiveCfg = Release|Any CPU
		{DC1C8809-9CC5-4D08-B602-5CC870EF086A}.Release|Any CPU.Build.0 = Release|Any CPU
	EndGlobalSection
	GlobalSection(SolutionProperties) = preSolution
		HideSolutionNode = FALSE
	EndGlobalSection
EndGlobal
